
Microsoft Visual Studio Solution File, Format Version 12.00
Project("{FAE04EC0-301F-11D3-BF4B-00C04F79EFBC}") = "ReportHub", "ReportHub\ReportHub.csproj", "{04496118-971D-4B17-B76C-DB4F342ABDAE}"
EndProject
Project("{FAE04EC0-301F-11D3-BF4B-00C04F79EFBC}") = "ReportHub.Service", "ReportHub.Service\ReportHub.Service.csproj", "{37110D6B-F0B8-47DF-BEBB-450CA9AFF6CA}"
EndProject
Global
	GlobalSection(SolutionConfigurationPlatforms) = preSolution
		Debug|Any CPU = Debug|Any CPU
		Release|Any CPU = Release|Any CPU
	EndGlobalSection
	GlobalSection(ProjectConfigurationPlatforms) = postSolution
		{04496118-971D-4B17-B76C-DB4F342ABDAE}.Debug|Any CPU.ActiveCfg = Debug|Any CPU
		{04496118-971D-4B17-B76C-DB4F342ABDAE}.Debug|Any CPU.Build.0 = Debug|Any CPU
		{04496118-971D-4B17-B76C-DB4F342ABDAE}.Release|Any CPU.ActiveCfg = Release|Any CPU
		{04496118-971D-4B17-B76C-DB4F342ABDAE}.Release|Any CPU.Build.0 = Release|Any CPU
		{37110D6B-F0B8-47DF-BEBB-450CA9AFF6CA}.Debug|Any CPU.ActiveCfg = Debug|Any CPU
		{37110D6B-F0B8-47DF-BEBB-450CA9AFF6CA}.Debug|Any CPU.Build.0 = Debug|Any CPU
		{37110D6B-F0B8-47DF-BEBB-450CA9AFF6CA}.Release|Any CPU.ActiveCfg = Release|Any CPU
		{37110D6B-F0B8-47DF-BEBB-450CA9AFF6CA}.Release|Any CPU.Build.0 = Release|Any CPU
	EndGlobalSection
EndGlobal
